
Microsoft Visual Studio Solution File, Format Version 12.00
# Visual Studio Version 17
VisualStudioVersion = 17.0.32112.339
MinimumVisualStudioVersion = 10.0.40219.1
Project("{9A19103F-16F7-4668-BE54-9A1E7A4F7556}") = "BlazorSrvEshop", "BlazorSrvEshop\BlazorSrvEshop.csproj", "{95A929D2-D74C-480B-BDE4-C137E3E2D0A4}"
EndProject
Project("{9A19103F-16F7-4668-BE54-9A1E7A4F7556}") = "BlazorWebClientEShop", "..\BlazorWebClientEShop\BlazorWebClientEShop.csproj", "{9283A2B1-7F94-49FF-9D26-752D93BBF745}"
EndProject
Project("{9A19103F-16F7-4668-BE54-9A1E7A4F7556}") = "SrvEShopModels", "SrvEShopModels\SrvEShopModels.csproj", "{8297B6EB-A060-47BA-BDA2-A936D7A3E9B5}"
EndProject
Global
	GlobalSection(SolutionConfigurationPlatforms) = preSolution
		Debug|Any CPU = Debug|Any CPU
		Release|Any CPU = Release|Any CPU
	EndGlobalSection
	GlobalSection(ProjectConfigurationPlatforms) = postSolution
		{95A929D2-D74C-480B-BDE4-C137E3E2D0A4}.Debug|Any CPU.ActiveCfg = Debug|Any CPU
		{95A929D2-D74C-480B-BDE4-C137E3E2D0A4}.Debug|Any CPU.Build.0 = Debug|Any CPU
		{95A929D2-D74C-480B-BDE4-C137E3E2D0A4}.Release|Any CPU.ActiveCfg = Release|Any CPU
		{95A929D2-D74C-480B-BDE4-C137E3E2D0A4}.Release|Any CPU.Build.0 = Release|Any CPU
		{9283A2B1-7F94-49FF-9D26-752D93BBF745}.Debug|Any CPU.ActiveCfg = Debug|Any CPU
		{9283A2B1-7F94-49FF-9D26-752D93BBF745}.Debug|Any CPU.Build.0 = Debug|Any CPU
		{9283A2B1-7F94-49FF-9D26-752D93BBF745}.Release|Any CPU.ActiveCfg = Release|Any CPU
		{9283A2B1-7F94-49FF-9D26-752D93BBF745}.Release|Any CPU.Build.0 = Release|Any CPU
		{8297B6EB-A060-47BA-BDA2-A936D7A3E9B5}.Debug|Any CPU.ActiveCfg = Debug|Any CPU
		{8297B6EB-A060-47BA-BDA2-A936D7A3E9B5}.Debug|Any CPU.Build.0 = Debug|Any CPU
		{8297B6EB-A060-47BA-BDA2-A936D7A3E9B5}.Release|Any CPU.ActiveCfg = Release|Any CPU
		{8297B6EB-A060-47BA-BDA2-A936D7A3E9B5}.Release|Any CPU.Build.0 = Release|Any CPU
	EndGlobalSection
	GlobalSection(SolutionProperties) = preSolution
		HideSolutionNode = FALSE
	EndGlobalSection
	GlobalSection(ExtensibilityGlobals) = postSolution
		SolutionGuid = {8F092301-1AFF-4B5D-96F4-3FC593491000}
	EndGlobalSection
EndGlobal
